
Microsoft Visual Studio Solution File, Format Version 12.00
# Visual Studio Version 17
VisualStudioVersion = 17.5.33502.453
MinimumVisualStudioVersion = 10.0.40219.1
Project("{FAE04EC0-301F-11D3-BF4B-00C04F79EFBC}") = "Task01", "Task01\Task01.csproj", "{4AA6048A-0B99-4EA1-981A-4D39375C7703}"
EndProject
Global
	GlobalSection(SolutionConfigurationPlatforms) = preSolution
		Debug|Any CPU = Debug|Any CPU
		Release|Any CPU = Release|Any CPU
	EndGlobalSection
	GlobalSection(ProjectConfigurationPlatforms) = postSolution
		{4AA6048A-0B99-4EA1-981A-4D39375C7703}.Debug|Any CPU.ActiveCfg = Debug|Any CPU
		{4AA6048A-0B99-4EA1-981A-4D39375C7703}.Debug|Any CPU.Build.0 = Debug|Any CPU
		{4AA6048A-0B99-4EA1-981A-4D39375C7703}.Release|Any CPU.ActiveCfg = Release|Any CPU
		{4AA6048A-0B99-4EA1-981A-4D39375C7703}.Release|Any CPU.Build.0 = Release|Any CPU
	EndGlobalSection
	GlobalSection(SolutionProperties) = preSolution
		HideSolutionNode = FALSE
	EndGlobalSection
	GlobalSection(ExtensibilityGlobals) = postSolution
		SolutionGuid = {23D64ECC-8743-475D-8EDF-8687E4DF96DA}
	EndGlobalSection
EndGlobal
